
Microsoft Visual Studio Solution File, Format Version 12.00
# Visual Studio Version 17
VisualStudioVersion = 17.7.34221.43
MinimumVisualStudioVersion = 10.0.40219.1
Project("{FAE04EC0-301F-11D3-BF4B-00C04F79EFBC}") = "WeatherFy.Android", "WeatherFy.Android\WeatherFy.Android.csproj", "{9A066FA2-FF9B-445E-A9B3-9477EF9EE95A}"
EndProject
Project("{FAE04EC0-301F-11D3-BF4B-00C04F79EFBC}") = "WeatherFy", "WeatherFy\WeatherFy.csproj", "{1BBFCDE0-2449-4B94-BCDE-6AE0FDA279D2}"
EndProject
Global
	GlobalSection(SolutionConfigurationPlatforms) = preSolution
		Debug|Any CPU = Debug|Any CPU
		Release|Any CPU = Release|Any CPU
	EndGlobalSection
	GlobalSection(ProjectConfigurationPlatforms) = postSolution
		{9A066FA2-FF9B-445E-A9B3-9477EF9EE95A}.Debug|Any CPU.ActiveCfg = Debug|Any CPU
		{9A066FA2-FF9B-445E-A9B3-9477EF9EE95A}.Debug|Any CPU.Build.0 = Debug|Any CPU
		{9A066FA2-FF9B-445E-A9B3-9477EF9EE95A}.Debug|Any CPU.Deploy.0 = Debug|Any CPU
		{9A066FA2-FF9B-445E-A9B3-9477EF9EE95A}.Release|Any CPU.ActiveCfg = Release|Any CPU
		{9A066FA2-FF9B-445E-A9B3-9477EF9EE95A}.Release|Any CPU.Build.0 = Release|Any CPU
		{9A066FA2-FF9B-445E-A9B3-9477EF9EE95A}.Release|Any CPU.Deploy.0 = Release|Any CPU
		{1BBFCDE0-2449-4B94-BCDE-6AE0FDA279D2}.Debug|Any CPU.ActiveCfg = Debug|Any CPU
		{1BBFCDE0-2449-4B94-BCDE-6AE0FDA279D2}.Debug|Any CPU.Build.0 = Debug|Any CPU
		{1BBFCDE0-2449-4B94-BCDE-6AE0FDA279D2}.Debug|Any CPU.Deploy.0 = Debug|Any CPU
		{1BBFCDE0-2449-4B94-BCDE-6AE0FDA279D2}.Release|Any CPU.ActiveCfg = Release|Any CPU
		{1BBFCDE0-2449-4B94-BCDE-6AE0FDA279D2}.Release|Any CPU.Build.0 = Release|Any CPU
		{1BBFCDE0-2449-4B94-BCDE-6AE0FDA279D2}.Release|Any CPU.Deploy.0 = Release|Any CPU
	EndGlobalSection
	GlobalSection(SolutionProperties) = preSolution
		HideSolutionNode = FALSE
	EndGlobalSection
	GlobalSection(ExtensibilityGlobals) = postSolution
		SolutionGuid = {DBE3B1DB-5BFA-459A-8FA7-8EC43CEDC349}
	EndGlobalSection
EndGlobal
